// !$*UTF8*$!
{
	archiveVersion = 1;
	classes = {
	};
	objectVersion = 50;
	objects = {

/* Begin PBXBuildFile section */
		AB4F566B20EDEE65000BA9CA /* List2ViewController.swift in Sources */ = {isa = PBXBuildFile; fileRef = AB4F566A20EDEE65000BA9CA /* List2ViewController.swift */; };
		AB5EA74E20DCDB44003D6CD1 /* icon.png in Resources */ = {isa = PBXBuildFile; fileRef = AB5EA74D20DCDB44003D6CD1 /* icon.png */; };
		AB6DE9B620E0C61B00FB243E /* PhotoViewController.swift in Sources */ = {isa = PBXBuildFile; fileRef = AB6DE9B520E0C61B00FB243E /* PhotoViewController.swift */; };
		AB90DD5620E62CD000349FBC /* DoneViewController.swift in Sources */ = {isa = PBXBuildFile; fileRef = AB90DD5520E62CD000349FBC /* DoneViewController.swift */; };
		AB9ABEE720F0F07400ECDAE7 /* photo2ViewController.swift in Sources */ = {isa = PBXBuildFile; fileRef = AB9ABEE620F0F07400ECDAE7 /* photo2ViewController.swift */; };
		ABAE063D20EB6E130033B523 /* Memory+CoreDataClass.swift in Sources */ = {isa = PBXBuildFile; fileRef = ABAE063B20EB6E130033B523 /* Memory+CoreDataClass.swift */; };
		ABAE063E20EB6E130033B523 /* Memory+CoreDataProperties.swift in Sources */ = {isa = PBXBuildFile; fileRef = ABAE063C20EB6E130033B523 /* Memory+CoreDataProperties.swift */; };
		ABD0073D20EC93CF00DE3093 /* ListTableViewController.swift in Sources */ = {isa = PBXBuildFile; fileRef = ABD0073C20EC93CF00DE3093 /* ListTableViewController.swift */; };
		ABDB792620E4D20D00931F62 /* SecoundViewController.swift in Sources */ = {isa = PBXBuildFile; fileRef = ABDB792520E4D20D00931F62 /* SecoundViewController.swift */; };
		ABFF3F3F20DB2176009ED076 /* AppDelegate.swift in Sources */ = {isa = PBXBuildFile; fileRef = ABFF3F3E20DB2176009ED076 /* AppDelegate.swift */; };
		ABFF3F4120DB2176009ED076 /* ViewController.swift in Sources */ = {isa = PBXBuildFile; fileRef = ABFF3F4020DB2176009ED076 /* ViewController.swift */; };
		ABFF3F4420DB2176009ED076 /* Main.storyboard in Resources */ = {isa = PBXBuildFile; fileRef = ABFF3F4220DB2176009ED076 /* Main.storyboard */; };
		ABFF3F4720DB2176009ED076 /* type2.xcdatamodeld in Sources */ = {isa = PBXBuildFile; fileRef = ABFF3F4520DB2176009ED076 /* type2.xcdatamodeld */; };
		ABFF3F4920DB2179009ED076 /* Assets.xcassets in Resources */ = {isa = PBXBuildFile; fileRef = ABFF3F4820DB2179009ED076 /* Assets.xcassets */; };
		ABFF3F4C20DB2179009ED076 /* LaunchScreen.storyboard in Resources */ = {isa = PBXBuildFile; fileRef = ABFF3F4A20DB2179009ED076 /* LaunchScreen.storyboard */; };
		ABFF3F5420DB220C009ED076 /* FiestViewController.swift in Sources */ = {isa = PBXBuildFile; fileRef = ABFF3F5320DB220C009ED076 /* FiestViewController.swift */; };
/* End PBXBuildFile section */

/* Begin PBXFileReference section */
		AB4F566A20EDEE65000BA9CA /* List2ViewController.swift */ = {isa = PBXFileReference; lastKnownFileType = sourcecode.swift; path = List2ViewController.swift; sourceTree = "<group>"; };
		AB5EA74D20DCDB44003D6CD1 /* icon.png */ = {isa = PBXFileReference; lastKnownFileType = image.png; path = icon.png; sourceTree = "<group>"; };
		AB6DE9B520E0C61B00FB243E /* PhotoViewController.swift */ = {isa = PBXFileReference; lastKnownFileType = sourcecode.swift; path = PhotoViewController.swift; sourceTree = "<group>"; };
		AB90DD5520E62CD000349FBC /* DoneViewController.swift */ = {isa = PBXFileReference; lastKnownFileType = sourcecode.swift; path = DoneViewController.swift; sourceTree = "<group>"; };
		AB9ABEE620F0F07400ECDAE7 /* photo2ViewController.swift */ = {isa = PBXFileReference; lastKnownFileType = sourcecode.swift; path = photo2ViewController.swift; sourceTree = "<group>"; };
		ABAE063B20EB6E130033B523 /* Memory+CoreDataClass.swift */ = {isa = PBXFileReference; lastKnownFileType = sourcecode.swift; path = "Memory+CoreDataClass.swift"; sourceTree = "<group>"; };
		ABAE063C20EB6E130033B523 /* Memory+CoreDataProperties.swift */ = {isa = PBXFileReference; lastKnownFileType = sourcecode.swift; path = "Memory+CoreDataProperties.swift"; sourceTree = "<group>"; };
		ABD0073C20EC93CF00DE3093 /* ListTableViewController.swift */ = {isa = PBXFileReference; lastKnownFileType = sourcecode.swift; path = ListTableViewController.swift; sourceTree = "<group>"; };
		ABDB792520E4D20D00931F62 /* SecoundViewController.swift */ = {isa = PBXFileReference; lastKnownFileType = sourcecode.swift; path = SecoundViewController.swift; sourceTree = "<group>"; };
		ABFF3F3B20DB2176009ED076 /* type2.app */ = {isa = PBXFileReference; explicitFileType = wrapper.application; includeInIndex = 0; path = type2.app; sourceTree = BUILT_PRODUCTS_DIR; };
		ABFF3F3E20DB2176009ED076 /* AppDelegate.swift */ = {isa = PBXFileReference; lastKnownFileType = sourcecode.swift; path = AppDelegate.swift; sourceTree = "<group>"; };
		ABFF3F4020DB2176009ED076 /* ViewController.swift */ = {isa = PBXFileReference; lastKnownFileType = sourcecode.swift; path = ViewController.swift; sourceTree = "<group>"; };
		ABFF3F4320DB2176009ED076 /* Base */ = {isa = PBXFileReference; lastKnownFileType = file.storyboard; name = Base; path = Base.lproj/Main.storyboard; sourceTree = "<group>"; };
		ABFF3F4620DB2176009ED076 /* type2.xcdatamodel */ = {isa = PBXFileReference; lastKnownFileType = wrapper.xcdatamodel; path = type2.xcdatamodel; sourceTree = "<group>"; };
		ABFF3F4820DB2179009ED076 /* Assets.xcassets */ = {isa = PBXFileReference; lastKnownFileType = folder.assetcatalog; path = Assets.xcassets; sourceTree = "<group>"; };
		ABFF3F4B20DB2179009ED076 /* Base */ = {isa = PBXFileReference; lastKnownFileType = file.storyboard; name = Base; path = Base.lproj/LaunchScreen.storyboard; sourceTree = "<group>"; };
		ABFF3F4D20DB2179009ED076 /* Info.plist */ = {isa = PBXFileReference; lastKnownFileType = text.plist.xml; path = Info.plist; sourceTree = "<group>"; };
		ABFF3F5320DB220C009ED076 /* FiestViewController.swift */ = {isa = PBXFileReference; lastKnownFileType = sourcecode.swift; path = FiestViewController.swift; sourceTree = "<group>"; };
/* End PBXFileReference section */

/* Begin PBXFrameworksBuildPhase section */
		ABFF3F3820DB2176009ED076 /* Frameworks */ = {
			isa = PBXFrameworksBuildPhase;
			buildActionMask = 2147483647;
			files = (
			);
			runOnlyForDeploymentPostprocessing = 0;
		};
/* End PBXFrameworksBuildPhase section */

/* Begin PBXGroup section */
		ABFF3F3220DB2176009ED076 = {
			isa = PBXGroup;
			children = (
				ABFF3F3D20DB2176009ED076 /* type2 */,
				ABFF3F3C20DB2176009ED076 /* Products */,
			);
			sourceTree = "<group>";
		};
		ABFF3F3C20DB2176009ED076 /* Products */ = {
			isa = PBXGroup;
			children = (
				ABFF3F3B20DB2176009ED076 /* type2.app */,
			);
			name = Products;
			sourceTree = "<group>";
		};
		ABFF3F3D20DB2176009ED076 /* type2 */ = {
			isa = PBXGroup;
			children = (
				ABAE063B20EB6E130033B523 /* Memory+CoreDataClass.swift */,
				ABAE063C20EB6E130033B523 /* Memory+CoreDataProperties.swift */,
				AB5EA74D20DCDB44003D6CD1 /* icon.png */,
				ABFF3F3E20DB2176009ED076 /* AppDelegate.swift */,
				AB9ABEE620F0F07400ECDAE7 /* photo2ViewController.swift */,
				AB4F566A20EDEE65000BA9CA /* List2ViewController.swift */,
				ABD0073C20EC93CF00DE3093 /* ListTableViewController.swift */,
				AB6DE9B520E0C61B00FB243E /* PhotoViewController.swift */,
				AB90DD5520E62CD000349FBC /* DoneViewController.swift */,
				ABDB792520E4D20D00931F62 /* SecoundViewController.swift */,
				ABFF3F5320DB220C009ED076 /* FiestViewController.swift */,
				ABFF3F4020DB2176009ED076 /* ViewController.swift */,
				ABFF3F4220DB2176009ED076 /* Main.storyboard */,
				ABFF3F4820DB2179009ED076 /* Assets.xcassets */,
				ABFF3F4A20DB2179009ED076 /* LaunchScreen.storyboard */,
				ABFF3F4D20DB2179009ED076 /* Info.plist */,
				ABFF3F4520DB2176009ED076 /* type2.xcdatamodeld */,
			);
			path = type2;
			sourceTree = "<group>";
		};
/* End PBXGroup section */

/* Begin PBXNativeTarget section */
		ABFF3F3A20DB2176009ED076 /* type2 */ = {
			isa = PBXNativeTarget;
			buildConfigurationList = ABFF3F5020DB2179009ED076 /* Build configuration list for PBXNativeTarget "type2" */;
			buildPhases = (
				ABFF3F3720DB2176009ED076 /* Sources */,
				ABFF3F3820DB2176009ED076 /* Frameworks */,
				ABFF3F3920DB2176009ED076 /* Resources */,
			);
			buildRules = (
			);
			dependencies = (
			);
			name = type2;
			productName = type2;
			productReference = ABFF3F3B20DB2176009ED076 /* type2.app */;
			productType = "com.apple.product-type.application";
		};
/* End PBXNativeTarget section */

/* Begin PBXProject section */
		ABFF3F3320DB2176009ED076 /* Project object */ = {
			isa = PBXProject;
			attributes = {
				LastSwiftUpdateCheck = 0940;
				LastUpgradeCheck = 0940;
				ORGANIZATIONNAME = "三井 裕貴";
				TargetAttributes = {
					ABFF3F3A20DB2176009ED076 = {
						CreatedOnToolsVersion = 9.4.1;
					};
				};
			};
			buildConfigurationList = ABFF3F3620DB2176009ED076 /* Build configuration list for PBXProject "type2" */;
			compatibilityVersion = "Xcode 9.3";
			developmentRegion = en;
			hasScannedForEncodings = 0;
			knownRegions = (
				en,
				Base,
			);
			mainGroup = ABFF3F3220DB2176009ED076;
			productRefGroup = ABFF3F3C20DB2176009ED076 /* Products */;
			projectDirPath = "";
			projectRoot = "";
			targets = (
				ABFF3F3A20DB2176009ED076 /* type2 */,
			);
		};
/* End PBXProject section */

/* Begin PBXResourcesBuildPhase section */
		ABFF3F3920DB2176009ED076 /* Resources */ = {
			isa = PBXResourcesBuildPhase;
			buildActionMask = 2147483647;
			files = (
				AB5EA74E20DCDB44003D6CD1 /* icon.png in Resources */,
				ABFF3F4C20DB2179009ED076 /* LaunchScreen.storyboard in Resources */,
				ABFF3F4920DB2179009ED076 /* Assets.xcassets in Resources */,
				ABFF3F4420DB2176009ED076 /* Main.storyboard in Resources */,
			);
			runOnlyForDeploymentPostprocessing = 0;
		};
/* End PBXResourcesBuildPhase section */

/* Begin PBXSourcesBuildPhase section */
		ABFF3F3720DB2176009ED076 /* Sources */ = {
			isa = PBXSourcesBuildPhase;
			buildActionMask = 2147483647;
			files = (
				AB9ABEE720F0F07400ECDAE7 /* photo2ViewController.swift in Sources */,
				ABAE063E20EB6E130033B523 /* Memory+CoreDataProperties.swift in Sources */,
				AB90DD5620E62CD000349FBC /* DoneViewController.swift in Sources */,
				ABDB792620E4D20D00931F62 /* SecoundViewController.swift in Sources */,
				ABD0073D20EC93CF00DE3093 /* ListTableViewController.swift in Sources */,
				ABAE063D20EB6E130033B523 /* Memory+CoreDataClass.swift in Sources */,
				ABFF3F4120DB2176009ED076 /* ViewController.swift in Sources */,
				ABFF3F4720DB2176009ED076 /* type2.xcdatamodeld in Sources */,
				AB4F566B20EDEE65000BA9CA /* List2ViewController.swift in Sources */,
				ABFF3F5420DB220C009ED076 /* FiestViewController.swift in Sources */,
				ABFF3F3F20DB2176009ED076 /* AppDelegate.swift in Sources */,
				AB6DE9B620E0C61B00FB243E /* PhotoViewController.swift in Sources */,
			);
			runOnlyForDeploymentPostprocessing = 0;
		};
/* End PBXSourcesBuildPhase section */

/* Begin PBXVariantGroup section */
		ABFF3F4220DB2176009ED076 /* Main.storyboard */ = {
			isa = PBXVariantGroup;
			children = (
				ABFF3F4320DB2176009ED076 /* Base */,
			);
			name = Main.storyboard;
			sourceTree = "<group>";
		};
		ABFF3F4A20DB2179009ED076 /* LaunchScreen.storyboard */ = {
			isa = PBXVariantGroup;
			children = (
				ABFF3F4B20DB2179009ED076 /* Base */,
			);
			name = LaunchScreen.storyboard;
			sourceTree = "<group>";
		};
/* End PBXVariantGroup section */

/* Begin XCBuildConfiguration section */
		ABFF3F4E20DB2179009ED076 /* Debug */ = {
			isa = XCBuildConfiguration;
			buildSettings = {
				ALWAYS_SEARCH_USER_PATHS = NO;
				CLANG_ANALYZER_NONNULL = YES;
				CLANG_ANALYZER_NUMBER_OBJECT_CONVERSION = YES_AGGRESSIVE;
				CLANG_CXX_LANGUAGE_STANDARD = "gnu++14";
				CLANG_CXX_LIBRARY = "libc++";
				CLANG_ENABLE_MODULES = YES;
				CLANG_ENABLE_OBJC_ARC = YES;
				CLANG_ENABLE_OBJC_WEAK = YES;
				CLANG_WARN_BLOCK_CAPTURE_AUTORELEASING = YES;
				CLANG_WARN_BOOL_CONVERSION = YES;
				CLANG_WARN_COMMA = YES;
				CLANG_WARN_CONSTANT_CONVERSION = YES;
				CLANG_WARN_DEPRECATED_OBJC_IMPLEMENTATIONS = YES;
				CLANG_WARN_DIRECT_OBJC_ISA_USAGE = YES_ERROR;
				CLANG_WARN_DOCUMENTATION_COMMENTS = YES;
				CLANG_WARN_EMPTY_BODY = YES;
				CLANG_WARN_ENUM_CONVERSION = YES;
				CLANG_WARN_INFINITE_RECURSION = YES;
				CLANG_WARN_INT_CONVERSION = YES;
				CLANG_WARN_NON_LITERAL_NULL_CONVERSION = YES;
				CLANG_WARN_OBJC_IMPLICIT_RETAIN_SELF = YES;
				CLANG_WARN_OBJC_LITERAL_CONVERSION = YES;
				CLANG_WARN_OBJC_ROOT_CLASS = YES_ERROR;
				CLANG_WARN_RANGE_LOOP_ANALYSIS = YES;
				CLANG_WARN_STRICT_PROTOTYPES = YES;
				CLANG_WARN_SUSPICIOUS_MOVE = YES;
				CLANG_WARN_UNGUARDED_AVAILABILITY = YES_AGGRESSIVE;
				CLANG_WARN_UNREACHABLE_CODE = YES;
				CLANG_WARN__DUPLICATE_METHOD_MATCH = YES;
				CODE_SIGN_IDENTITY = "iPhone Developer";
				COPY_PHASE_STRIP = NO;
				DEBUG_INFORMATION_FORMAT = dwarf;
				ENABLE_STRICT_OBJC_MSGSEND = YES;
				ENABLE_TESTABILITY = YES;
				GCC_C_LANGUAGE_STANDARD = gnu11;
				GCC_DYNAMIC_NO_PIC = NO;
				GCC_NO_COMMON_BLOCKS = YES;
				GCC_OPTIMIZATION_LEVEL = 0;
				GCC_PREPROCESSOR_DEFINITIONS = (
					"DEBUG=1",
					"$(inherited)",
				);
				GCC_WARN_64_TO_32_BIT_CONVERSION = YES;
				GCC_WARN_ABOUT_RETURN_TYPE = YES_ERROR;
				GCC_WARN_UNDECLARED_SELECTOR = YES;
				GCC_WARN_UNINITIALIZED_AUTOS = YES_AGGRESSIVE;
				GCC_WARN_UNUSED_FUNCTION = YES;
				GCC_WARN_UNUSED_VARIABLE = YES;
				IPHONEOS_DEPLOYMENT_TARGET = 11.4;
				MTL_ENABLE_DEBUG_INFO = YES;
				ONLY_ACTIVE_ARCH = YES;
				SDKROOT = iphoneos;
				SWIFT_ACTIVE_COMPILATION_CONDITIONS = DEBUG;
				SWIFT_OPTIMIZATION_LEVEL = "-Onone";
			};
			name = Debug;
		};
		ABFF3F4F20DB2179009ED076 /* Release */ = {
			isa = XCBuildConfiguration;
			buildSettings = {
				ALWAYS_SEARCH_USER_PATHS = NO;
				CLANG_ANALYZER_NONNULL = YES;
				CLANG_ANALYZER_NUMBER_OBJECT_CONVERSION = YES_AGGRESSIVE;
				CLANG_CXX_LANGUAGE_STANDARD = "gnu++14";
				CLANG_CXX_LIBRARY = "libc++";
				CLANG_ENABLE_MODULES = YES;
				CLANG_ENABLE_OBJC_ARC = YES;
				CLANG_ENABLE_OBJC_WEAK = YES;
				CLANG_WARN_BLOCK_CAPTURE_AUTORELEASING = YES;
				CLANG_WARN_BOOL_CONVERSION = YES;
				CLANG_WARN_COMMA = YES;
				CLANG_WARN_CONSTANT_CONVERSION = YES;
				CLANG_WARN_DEPRECATED_OBJC_IMPLEMENTATIONS = YES;
				CLANG_WARN_DIRECT_OBJC_ISA_USAGE = YES_ERROR;
				CLANG_WARN_DOCUMENTATION_COMMENTS = YES;
				CLANG_WARN_EMPTY_BODY = YES;
				CLANG_WARN_ENUM_CONVERSION = YES;
				CLANG_WARN_INFINITE_RECURSION = YES;
				CLANG_WARN_INT_CONVERSION = YES;
				CLANG_WARN_NON_LITERAL_NULL_CONVERSION = YES;
				CLANG_WARN_OBJC_IMPLICIT_RETAIN_SELF = YES;
				CLANG_WARN_OBJC_LITERAL_CONVERSION = YES;
				CLANG_WARN_OBJC_ROOT_CLASS = YES_ERROR;
				CLANG_WARN_RANGE_LOOP_ANALYSIS = YES;
				CLANG_WARN_STRICT_PROTOTYPES = YES;
				CLANG_WARN_SUSPICIOUS_MOVE = YES;
				CLANG_WARN_UNGUARDED_AVAILABILITY = YES_AGGRESSIVE;
				CLANG_WARN_UNREACHABLE_CODE = YES;
				CLANG_WARN__DUPLICATE_METHOD_MATCH = YES;
				CODE_SIGN_IDENTITY = "iPhone Developer";
				COPY_PHASE_STRIP = NO;
				DEBUG_INFORMATION_FORMAT = "dwarf-with-dsym";
				ENABLE_NS_ASSERTIONS = NO;
				ENABLE_STRICT_OBJC_MSGSEND = YES;
				GCC_C_LANGUAGE_STANDARD = gnu11;
				GCC_NO_COMMON_BLOCKS = YES;
				GCC_WARN_64_TO_32_BIT_CONVERSION = YES;
				GCC_WARN_ABOUT_RETURN_TYPE = YES_ERROR;
				GCC_WARN_UNDECLARED_SELECTOR = YES;
				GCC_WARN_UNINITIALIZED_AUTOS = YES_AGGRESSIVE;
				GCC_WARN_UNUSED_FUNCTION = YES;
				GCC_WARN_UNUSED_VARIABLE = YES;
				IPHONEOS_DEPLOYMENT_TARGET = 11.4;
				MTL_ENABLE_DEBUG_INFO = NO;
				SDKROOT = iphoneos;
				SWIFT_COMPILATION_MODE = wholemodule;
				SWIFT_OPTIMIZATION_LEVEL = "-O";
				VALIDATE_PRODUCT = YES;
			};
			name = Release;
		};
		ABFF3F5120DB2179009ED076 /* Debug */ = {
			isa = XCBuildConfiguration;
			buildSettings = {
				ASSETCATALOG_COMPILER_APPICON_NAME = AppIcon;
				CODE_SIGN_STYLE = Automatic;
				DEVELOPMENT_TEAM = P637L56VP4;
				INFOPLIST_FILE = type2/Info.plist;
				LD_RUNPATH_SEARCH_PATHS = (
					"$(inherited)",
					"@executable_path/Frameworks",
				);
				PRODUCT_BUNDLE_IDENTIFIER = com.hiroki.type2;
				PRODUCT_NAME = "$(TARGET_NAME)";
				SWIFT_VERSION = 4.0;
				TARGETED_DEVICE_FAMILY = "1,2";
			};
			name = Debug;
		};
		ABFF3F5220DB2179009ED076 /* Release */ = {
			isa = XCBuildConfiguration;
			buildSettings = {
				ASSETCATALOG_COMPILER_APPICON_NAME = AppIcon;
				CODE_SIGN_STYLE = Automatic;
				DEVELOPMENT_TEAM = P637L56VP4;
				INFOPLIST_FILE = type2/Info.plist;
				LD_RUNPATH_SEARCH_PATHS = (
					"$(inherited)",
					"@executable_path/Frameworks",
				);
				PRODUCT_BUNDLE_IDENTIFIER = com.hiroki.type2;
				PRODUCT_NAME = "$(TARGET_NAME)";
				SWIFT_VERSION = 4.0;
				TARGETED_DEVICE_FAMILY = "1,2";
			};
			name = Release;
		};
/* End XCBuildConfiguration section */

/* Begin XCConfigurationList section */
		ABFF3F3620DB2176009ED076 /* Build configuration list for PBXProject "type2" */ = {
			isa = XCConfigurationList;
			buildConfigurations = (
				ABFF3F4E20DB2179009ED076 /* Debug */,
				ABFF3F4F20DB2179009ED076 /* Release */,
			);
			defaultConfigurationIsVisible = 0;
			defaultConfigurationName = Release;
		};
		ABFF3F5020DB2179009ED076 /* Build configuration list for PBXNativeTarget "type2" */ = {
			isa = XCConfigurationList;
			buildConfigurations = (
				ABFF3F5120DB2179009ED076 /* Debug */,
				ABFF3F5220DB2179009ED076 /* Release */,
			);
			defaultConfigurationIsVisible = 0;
			defaultConfigurationName = Release;
		};
/* End XCConfigurationList section */

/* Begin XCVersionGroup section */
		ABFF3F4520DB2176009ED076 /* type2.xcdatamodeld */ = {
			isa = XCVersionGroup;
			children = (
				ABFF3F4620DB2176009ED076 /* type2.xcdatamodel */,
			);
			currentVersion = ABFF3F4620DB2176009ED076 /* type2.xcdatamodel */;
			path = type2.xcdatamodeld;
			sourceTree = "<group>";
			versionGroupType = wrapper.xcdatamodel;
		};
/* End XCVersionGroup section */
	};
	rootObject = ABFF3F3320DB2176009ED076 /* Project object */;
}
